
Microsoft Visual Studio Solution File, Format Version 12.00
# Visual Studio Version 16
VisualStudioVersion = 16.0.31112.23
MinimumVisualStudioVersion = 10.0.40219.1
Project("{9A19103F-16F7-4668-BE54-9A1E7A4F7556}") = "CurrencyConverter", "CurrencyConverter.csproj", "{B8BAD943-FFBF-49B8-8FCA-9B1CF5E42188}"
EndProject
Global
	GlobalSection(SolutionConfigurationPlatforms) = preSolution
		Debug|Any CPU = Debug|Any CPU
		Release|Any CPU = Release|Any CPU
	EndGlobalSection
	GlobalSection(ProjectConfigurationPlatforms) = postSolution
		{B8BAD943-FFBF-49B8-8FCA-9B1CF5E42188}.Debug|Any CPU.ActiveCfg = Debug|Any CPU
		{B8BAD943-FFBF-49B8-8FCA-9B1CF5E42188}.Debug|Any CPU.Build.0 = Debug|Any CPU
		{B8BAD943-FFBF-49B8-8FCA-9B1CF5E42188}.Release|Any CPU.ActiveCfg = Release|Any CPU
		{B8BAD943-FFBF-49B8-8FCA-9B1CF5E42188}.Release|Any CPU.Build.0 = Release|Any CPU
	EndGlobalSection
	GlobalSection(SolutionProperties) = preSolution
		HideSolutionNode = FALSE
	EndGlobalSection
	GlobalSection(ExtensibilityGlobals) = postSolution
		SolutionGuid = {76319A13-CDB6-4551-9261-48F415C4F214}
	EndGlobalSection
EndGlobal
